// !$*UTF8*$!
{
	archiveVersion = 1;
	classes = {
	};
	objectVersion = 46;
	objects = {

/* Begin PBXBuildFile section */
		BC02372C15A44E1D006E7A35 /* UIKit.framework in Frameworks */ = {isa = PBXBuildFile; fileRef = BC02372B15A44E1D006E7A35 /* UIKit.framework */; };
		BC02372E15A44E1D006E7A35 /* Foundation.framework in Frameworks */ = {isa = PBXBuildFile; fileRef = BC02372D15A44E1D006E7A35 /* Foundation.framework */; };
		BC02373015A44E1D006E7A35 /* CoreGraphics.framework in Frameworks */ = {isa = PBXBuildFile; fileRef = BC02372F15A44E1D006E7A35 /* CoreGraphics.framework */; };
		BC02373615A44E1D006E7A35 /* InfoPlist.strings in Resources */ = {isa = PBXBuildFile; fileRef = BC02373415A44E1D006E7A35 /* InfoPlist.strings */; };
		BC02373815A44E1E006E7A35 /* main.m in Sources */ = {isa = PBXBuildFile; fileRef = BC02373715A44E1E006E7A35 /* main.m */; };
		BC02373C15A44E1E006E7A35 /* AppDelegate.m in Sources */ = {isa = PBXBuildFile; fileRef = BC02373B15A44E1E006E7A35 /* AppDelegate.m */; };
		BC02373F15A44E1E006E7A35 /* MasterViewController.m in Sources */ = {isa = PBXBuildFile; fileRef = BC02373E15A44E1E006E7A35 /* MasterViewController.m */; };
		BC02374215A44E1E006E7A35 /* DetailViewController.m in Sources */ = {isa = PBXBuildFile; fileRef = BC02374115A44E1E006E7A35 /* DetailViewController.m */; };
		BC02374515A44E1E006E7A35 /* MasterViewController.xib in Resources */ = {isa = PBXBuildFile; fileRef = BC02374315A44E1E006E7A35 /* MasterViewController.xib */; };
		BC02374815A44E1E006E7A35 /* DetailViewController.xib in Resources */ = {isa = PBXBuildFile; fileRef = BC02374615A44E1E006E7A35 /* DetailViewController.xib */; };
		BC02376715A451F6006E7A35 /* CFNetwork.framework in Frameworks */ = {isa = PBXBuildFile; fileRef = BC02376615A451F6006E7A35 /* CFNetwork.framework */; };
		BC02376915A45261006E7A35 /* Security.framework in Frameworks */ = {isa = PBXBuildFile; fileRef = BC02376815A45261006E7A35 /* Security.framework */; };
		BC02376B15A4526E006E7A35 /* MobileCoreServices.framework in Frameworks */ = {isa = PBXBuildFile; fileRef = BC02376A15A4526E006E7A35 /* MobileCoreServices.framework */; };
		BC02376D15A4527A006E7A35 /* SystemConfiguration.framework in Frameworks */ = {isa = PBXBuildFile; fileRef = BC02376C15A4527A006E7A35 /* SystemConfiguration.framework */; };
		BC02376F15A45285006E7A35 /* libxml2.dylib in Frameworks */ = {isa = PBXBuildFile; fileRef = BC02376E15A45285006E7A35 /* libxml2.dylib */; };
		BC02377115A45296006E7A35 /* QuartzCore.framework in Frameworks */ = {isa = PBXBuildFile; fileRef = BC02377015A45296006E7A35 /* QuartzCore.framework */; };
		BC02377215A452A8006E7A35 /* libRestKit.a in Frameworks */ = {isa = PBXBuildFile; fileRef = BC02375A15A44F9B006E7A35 /* libRestKit.a */; };
		BC02377415A45322006E7A35 /* CoreData.framework in Frameworks */ = {isa = PBXBuildFile; fileRef = BC02377315A45322006E7A35 /* CoreData.framework */; };
/* End PBXBuildFile section */

/* Begin PBXContainerItemProxy section */
		BC02375915A44F9B006E7A35 /* PBXContainerItemProxy */ = {
			isa = PBXContainerItemProxy;
			containerPortal = BC02374E15A44F9B006E7A35 /* RestKit.xcodeproj */;
			proxyType = 2;
			remoteGlobalIDString = 25160D1614564E810060A5C5;
			remoteInfo = RestKit;
		};
		BC02375B15A44F9B006E7A35 /* PBXContainerItemProxy */ = {
			isa = PBXContainerItemProxy;
			containerPortal = BC02374E15A44F9B006E7A35 /* RestKit.xcodeproj */;
			proxyType = 2;
			remoteGlobalIDString = 25160D2614564E820060A5C5;
			remoteInfo = RestKitTests;
		};
		BC02375D15A44F9B006E7A35 /* PBXContainerItemProxy */ = {
			isa = PBXContainerItemProxy;
			containerPortal = BC02374E15A44F9B006E7A35 /* RestKit.xcodeproj */;
			proxyType = 2;
			remoteGlobalIDString = 25160E62145651060060A5C5;
			remoteInfo = RestKitFramework;
		};
		BC02375F15A44F9B006E7A35 /* PBXContainerItemProxy */ = {
			isa = PBXContainerItemProxy;
			containerPortal = BC02374E15A44F9B006E7A35 /* RestKit.xcodeproj */;
			proxyType = 2;
			remoteGlobalIDString = 25160E78145651060060A5C5;
			remoteInfo = RestKitFrameworkTests;
		};
		BC02376115A44F9B006E7A35 /* PBXContainerItemProxy */ = {
			isa = PBXContainerItemProxy;
			containerPortal = BC02374E15A44F9B006E7A35 /* RestKit.xcodeproj */;
			proxyType = 2;
			remoteGlobalIDString = 259C301615128079003066A2;
			remoteInfo = RestKitResources;
		};
		BC02376415A451E0006E7A35 /* PBXContainerItemProxy */ = {
			isa = PBXContainerItemProxy;
			containerPortal = BC02374E15A44F9B006E7A35 /* RestKit.xcodeproj */;
			proxyType = 1;
			remoteGlobalIDString = 25160D1514564E810060A5C5;
			remoteInfo = RestKit;
		};
/* End PBXContainerItemProxy section */

/* Begin PBXFileReference section */
		BC02372715A44E1D006E7A35 /* RestKitExample.app */ = {isa = PBXFileReference; explicitFileType = wrapper.application; includeInIndex = 0; path = RestKitExample.app; sourceTree = BUILT_PRODUCTS_DIR; };
		BC02372B15A44E1D006E7A35 /* UIKit.framework */ = {isa = PBXFileReference; lastKnownFileType = wrapper.framework; name = UIKit.framework; path = System/Library/Frameworks/UIKit.framework; sourceTree = SDKROOT; };
		BC02372D15A44E1D006E7A35 /* Foundation.framework */ = {isa = PBXFileReference; lastKnownFileType = wrapper.framework; name = Foundation.framework; path = System/Library/Frameworks/Foundation.framework; sourceTree = SDKROOT; };
		BC02372F15A44E1D006E7A35 /* CoreGraphics.framework */ = {isa = PBXFileReference; lastKnownFileType = wrapper.framework; name = CoreGraphics.framework; path = System/Library/Frameworks/CoreGraphics.framework; sourceTree = SDKROOT; };
		BC02373315A44E1D006E7A35 /* RestKitExample-Info.plist */ = {isa = PBXFileReference; lastKnownFileType = text.plist.xml; path = "RestKitExample-Info.plist"; sourceTree = "<group>"; };
		BC02373515A44E1D006E7A35 /* en */ = {isa = PBXFileReference; lastKnownFileType = text.plist.strings; name = en; path = en.lproj/InfoPlist.strings; sourceTree = "<group>"; };
		BC02373715A44E1E006E7A35 /* main.m */ = {isa = PBXFileReference; lastKnownFileType = sourcecode.c.objc; path = main.m; sourceTree = "<group>"; };
		BC02373915A44E1E006E7A35 /* RestKitExample-Prefix.pch */ = {isa = PBXFileReference; lastKnownFileType = sourcecode.c.h; path = "RestKitExample-Prefix.pch"; sourceTree = "<group>"; };
		BC02373A15A44E1E006E7A35 /* AppDelegate.h */ = {isa = PBXFileReference; lastKnownFileType = sourcecode.c.h; path = AppDelegate.h; sourceTree = "<group>"; };
		BC02373B15A44E1E006E7A35 /* AppDelegate.m */ = {isa = PBXFileReference; lastKnownFileType = sourcecode.c.objc; path = AppDelegate.m; sourceTree = "<group>"; };
		BC02373D15A44E1E006E7A35 /* MasterViewController.h */ = {isa = PBXFileReference; lastKnownFileType = sourcecode.c.h; path = MasterViewController.h; sourceTree = "<group>"; };
		BC02373E15A44E1E006E7A35 /* MasterViewController.m */ = {isa = PBXFileReference; lastKnownFileType = sourcecode.c.objc; path = MasterViewController.m; sourceTree = "<group>"; };
		BC02374015A44E1E006E7A35 /* DetailViewController.h */ = {isa = PBXFileReference; lastKnownFileType = sourcecode.c.h; path = DetailViewController.h; sourceTree = "<group>"; };
		BC02374115A44E1E006E7A35 /* DetailViewController.m */ = {isa = PBXFileReference; lastKnownFileType = sourcecode.c.objc; path = DetailViewController.m; sourceTree = "<group>"; };
		BC02374415A44E1E006E7A35 /* en */ = {isa = PBXFileReference; lastKnownFileType = file.xib; name = en; path = en.lproj/MasterViewController.xib; sourceTree = "<group>"; };
		BC02374715A44E1E006E7A35 /* en */ = {isa = PBXFileReference; lastKnownFileType = file.xib; name = en; path = en.lproj/DetailViewController.xib; sourceTree = "<group>"; };
		BC02374E15A44F9B006E7A35 /* RestKit.xcodeproj */ = {isa = PBXFileReference; lastKnownFileType = "wrapper.pb-project"; name = RestKit.xcodeproj; path = RestKit/RestKit.xcodeproj; sourceTree = "<group>"; };
		BC02376615A451F6006E7A35 /* CFNetwork.framework */ = {isa = PBXFileReference; lastKnownFileType = wrapper.framework; name = CFNetwork.framework; path = System/Library/Frameworks/CFNetwork.framework; sourceTree = SDKROOT; };
		BC02376815A45261006E7A35 /* Security.framework */ = {isa = PBXFileReference; lastKnownFileType = wrapper.framework; name = Security.framework; path = System/Library/Frameworks/Security.framework; sourceTree = SDKROOT; };
		BC02376A15A4526E006E7A35 /* MobileCoreServices.framework */ = {isa = PBXFileReference; lastKnownFileType = wrapper.framework; name = MobileCoreServices.framework; path = System/Library/Frameworks/MobileCoreServices.framework; sourceTree = SDKROOT; };
		BC02376C15A4527A006E7A35 /* SystemConfiguration.framework */ = {isa = PBXFileReference; lastKnownFileType = wrapper.framework; name = SystemConfiguration.framework; path = System/Library/Frameworks/SystemConfiguration.framework; sourceTree = SDKROOT; };
		BC02376E15A45285006E7A35 /* libxml2.dylib */ = {isa = PBXFileReference; lastKnownFileType = "compiled.mach-o.dylib"; name = libxml2.dylib; path = usr/lib/libxml2.dylib; sourceTree = SDKROOT; };
		BC02377015A45296006E7A35 /* QuartzCore.framework */ = {isa = PBXFileReference; lastKnownFileType = wrapper.framework; name = QuartzCore.framework; path = System/Library/Frameworks/QuartzCore.framework; sourceTree = SDKROOT; };
		BC02377315A45322006E7A35 /* CoreData.framework */ = {isa = PBXFileReference; lastKnownFileType = wrapper.framework; name = CoreData.framework; path = System/Library/Frameworks/CoreData.framework; sourceTree = SDKROOT; };
/* End PBXFileReference section */

/* Begin PBXFrameworksBuildPhase section */
		BC02372415A44E1D006E7A35 /* Frameworks */ = {
			isa = PBXFrameworksBuildPhase;
			buildActionMask = 2147483647;
			files = (
				BC02377415A45322006E7A35 /* CoreData.framework in Frameworks */,
				BC02377215A452A8006E7A35 /* libRestKit.a in Frameworks */,
				BC02377115A45296006E7A35 /* QuartzCore.framework in Frameworks */,
				BC02376F15A45285006E7A35 /* libxml2.dylib in Frameworks */,
				BC02376D15A4527A006E7A35 /* SystemConfiguration.framework in Frameworks */,
				BC02376B15A4526E006E7A35 /* MobileCoreServices.framework in Frameworks */,
				BC02376915A45261006E7A35 /* Security.framework in Frameworks */,
				BC02376715A451F6006E7A35 /* CFNetwork.framework in Frameworks */,
				BC02372C15A44E1D006E7A35 /* UIKit.framework in Frameworks */,
				BC02372E15A44E1D006E7A35 /* Foundation.framework in Frameworks */,
				BC02373015A44E1D006E7A35 /* CoreGraphics.framework in Frameworks */,
			);
			runOnlyForDeploymentPostprocessing = 0;
		};
/* End PBXFrameworksBuildPhase section */

/* Begin PBXGroup section */
		BC02371C15A44E1D006E7A35 = {
			isa = PBXGroup;
			children = (
				BC02377315A45322006E7A35 /* CoreData.framework */,
				BC02377015A45296006E7A35 /* QuartzCore.framework */,
				BC02376E15A45285006E7A35 /* libxml2.dylib */,
				BC02376C15A4527A006E7A35 /* SystemConfiguration.framework */,
				BC02376A15A4526E006E7A35 /* MobileCoreServices.framework */,
				BC02376815A45261006E7A35 /* Security.framework */,
				BC02376615A451F6006E7A35 /* CFNetwork.framework */,
				BC02374E15A44F9B006E7A35 /* RestKit.xcodeproj */,
				BC02373115A44E1D006E7A35 /* RestKitExample */,
				BC02372A15A44E1D006E7A35 /* Frameworks */,
				BC02372815A44E1D006E7A35 /* Products */,
			);
			sourceTree = "<group>";
		};
		BC02372815A44E1D006E7A35 /* Products */ = {
			isa = PBXGroup;
			children = (
				BC02372715A44E1D006E7A35 /* RestKitExample.app */,
			);
			name = Products;
			sourceTree = "<group>";
		};
		BC02372A15A44E1D006E7A35 /* Frameworks */ = {
			isa = PBXGroup;
			children = (
				BC02372B15A44E1D006E7A35 /* UIKit.framework */,
				BC02372D15A44E1D006E7A35 /* Foundation.framework */,
				BC02372F15A44E1D006E7A35 /* CoreGraphics.framework */,
			);
			name = Frameworks;
			sourceTree = "<group>";
		};
		BC02373115A44E1D006E7A35 /* RestKitExample */ = {
			isa = PBXGroup;
			children = (
				BC02373A15A44E1E006E7A35 /* AppDelegate.h */,
				BC02373B15A44E1E006E7A35 /* AppDelegate.m */,
				BC02373D15A44E1E006E7A35 /* MasterViewController.h */,
				BC02373E15A44E1E006E7A35 /* MasterViewController.m */,
				BC02374015A44E1E006E7A35 /* DetailViewController.h */,
				BC02374115A44E1E006E7A35 /* DetailViewController.m */,
				BC02374315A44E1E006E7A35 /* MasterViewController.xib */,
				BC02374615A44E1E006E7A35 /* DetailViewController.xib */,
				BC02373215A44E1D006E7A35 /* Supporting Files */,
			);
			path = RestKitExample;
			sourceTree = "<group>";
		};
		BC02373215A44E1D006E7A35 /* Supporting Files */ = {
			isa = PBXGroup;
			children = (
				BC02373315A44E1D006E7A35 /* RestKitExample-Info.plist */,
				BC02373415A44E1D006E7A35 /* InfoPlist.strings */,
				BC02373715A44E1E006E7A35 /* main.m */,
				BC02373915A44E1E006E7A35 /* RestKitExample-Prefix.pch */,
			);
			name = "Supporting Files";
			sourceTree = "<group>";
		};
		BC02374F15A44F9B006E7A35 /* Products */ = {
			isa = PBXGroup;
			children = (
				BC02375A15A44F9B006E7A35 /* libRestKit.a */,
				BC02375C15A44F9B006E7A35 /* RestKitTests.octest */,
				BC02375E15A44F9B006E7A35 /* RestKit.framework */,
				BC02376015A44F9B006E7A35 /* RestKitFrameworkTests.octest */,
				BC02376215A44F9B006E7A35 /* RestKitResources.bundle */,
			);
			name = Products;
			sourceTree = "<group>";
		};
/* End PBXGroup section */

/* Begin PBXNativeTarget section */
		BC02372615A44E1D006E7A35 /* RestKitExample */ = {
			isa = PBXNativeTarget;
			buildConfigurationList = BC02374B15A44E1E006E7A35 /* Build configuration list for PBXNativeTarget "RestKitExample" */;
			buildPhases = (
				BC02372315A44E1D006E7A35 /* Sources */,
				BC02372415A44E1D006E7A35 /* Frameworks */,
				BC02372515A44E1D006E7A35 /* Resources */,
			);
			buildRules = (
			);
			dependencies = (
				BC02376515A451E0006E7A35 /* PBXTargetDependency */,
			);
			name = RestKitExample;
			productName = RestKitExample;
			productReference = BC02372715A44E1D006E7A35 /* RestKitExample.app */;
			productType = "com.apple.product-type.application";
		};
/* End PBXNativeTarget section */

/* Begin PBXProject section */
		BC02371E15A44E1D006E7A35 /* Project object */ = {
			isa = PBXProject;
			attributes = {
				LastUpgradeCheck = 0420;
				ORGANIZATIONNAME = "Design and Test Lab";
			};
			buildConfigurationList = BC02372115A44E1D006E7A35 /* Build configuration list for PBXProject "RestKitExample" */;
			compatibilityVersion = "Xcode 3.2";
			developmentRegion = English;
			hasScannedForEncodings = 0;
			knownRegions = (
				en,
			);
			mainGroup = BC02371C15A44E1D006E7A35;
			productRefGroup = BC02372815A44E1D006E7A35 /* Products */;
			projectDirPath = "";
			projectReferences = (
				{
					ProductGroup = BC02374F15A44F9B006E7A35 /* Products */;
					ProjectRef = BC02374E15A44F9B006E7A35 /* RestKit.xcodeproj */;
				},
			);
			projectRoot = "";
			targets = (
				BC02372615A44E1D006E7A35 /* RestKitExample */,
			);
		};
/* End PBXProject section */

/* Begin PBXReferenceProxy section */
		BC02375A15A44F9B006E7A35 /* libRestKit.a */ = {
			isa = PBXReferenceProxy;
			fileType = archive.ar;
			path = libRestKit.a;
			remoteRef = BC02375915A44F9B006E7A35 /* PBXContainerItemProxy */;
			sourceTree = BUILT_PRODUCTS_DIR;
		};
		BC02375C15A44F9B006E7A35 /* RestKitTests.octest */ = {
			isa = PBXReferenceProxy;
			fileType = wrapper.cfbundle;
			path = RestKitTests.octest;
			remoteRef = BC02375B15A44F9B006E7A35 /* PBXContainerItemProxy */;
			sourceTree = BUILT_PRODUCTS_DIR;
		};
		BC02375E15A44F9B006E7A35 /* RestKit.framework */ = {
			isa = PBXReferenceProxy;
			fileType = wrapper.framework;
			path = RestKit.framework;
			remoteRef = BC02375D15A44F9B006E7A35 /* PBXContainerItemProxy */;
			sourceTree = BUILT_PRODUCTS_DIR;
		};
		BC02376015A44F9B006E7A35 /* RestKitFrameworkTests.octest */ = {
			isa = PBXReferenceProxy;
			fileType = wrapper.cfbundle;
			path = RestKitFrameworkTests.octest;
			remoteRef = BC02375F15A44F9B006E7A35 /* PBXContainerItemProxy */;
			sourceTree = BUILT_PRODUCTS_DIR;
		};
		BC02376215A44F9B006E7A35 /* RestKitResources.bundle */ = {
			isa = PBXReferenceProxy;
			fileType = wrapper.cfbundle;
			path = RestKitResources.bundle;
			remoteRef = BC02376115A44F9B006E7A35 /* PBXContainerItemProxy */;
			sourceTree = BUILT_PRODUCTS_DIR;
		};
/* End PBXReferenceProxy section */

/* Begin PBXResourcesBuildPhase section */
		BC02372515A44E1D006E7A35 /* Resources */ = {
			isa = PBXResourcesBuildPhase;
			buildActionMask = 2147483647;
			files = (
				BC02373615A44E1D006E7A35 /* InfoPlist.strings in Resources */,
				BC02374515A44E1E006E7A35 /* MasterViewController.xib in Resources */,
				BC02374815A44E1E006E7A35 /* DetailViewController.xib in Resources */,
			);
			runOnlyForDeploymentPostprocessing = 0;
		};
/* End PBXResourcesBuildPhase section */

/* Begin PBXSourcesBuildPhase section */
		BC02372315A44E1D006E7A35 /* Sources */ = {
			isa = PBXSourcesBuildPhase;
			buildActionMask = 2147483647;
			files = (
				BC02373815A44E1E006E7A35 /* main.m in Sources */,
				BC02373C15A44E1E006E7A35 /* AppDelegate.m in Sources */,
				BC02373F15A44E1E006E7A35 /* MasterViewController.m in Sources */,
				BC02374215A44E1E006E7A35 /* DetailViewController.m in Sources */,
			);
			runOnlyForDeploymentPostprocessing = 0;
		};
/* End PBXSourcesBuildPhase section */

/* Begin PBXTargetDependency section */
		BC02376515A451E0006E7A35 /* PBXTargetDependency */ = {
			isa = PBXTargetDependency;
			name = RestKit;
			targetProxy = BC02376415A451E0006E7A35 /* PBXContainerItemProxy */;
		};
/* End PBXTargetDependency section */

/* Begin PBXVariantGroup section */
		BC02373415A44E1D006E7A35 /* InfoPlist.strings */ = {
			isa = PBXVariantGroup;
			children = (
				BC02373515A44E1D006E7A35 /* en */,
			);
			name = InfoPlist.strings;
			sourceTree = "<group>";
		};
		BC02374315A44E1E006E7A35 /* MasterViewController.xib */ = {
			isa = PBXVariantGroup;
			children = (
				BC02374415A44E1E006E7A35 /* en */,
			);
			name = MasterViewController.xib;
			sourceTree = "<group>";
		};
		BC02374615A44E1E006E7A35 /* DetailViewController.xib */ = {
			isa = PBXVariantGroup;
			children = (
				BC02374715A44E1E006E7A35 /* en */,
			);
			name = DetailViewController.xib;
			sourceTree = "<group>";
		};
/* End PBXVariantGroup section */

/* Begin XCBuildConfiguration section */
		BC02374915A44E1E006E7A35 /* Debug */ = {
			isa = XCBuildConfiguration;
			buildSettings = {
				ALWAYS_SEARCH_USER_PATHS = NO;
				ARCHS = "$(ARCHS_STANDARD_32_BIT)";
				"CODE_SIGN_IDENTITY[sdk=iphoneos*]" = "iPhone Developer";
				COPY_PHASE_STRIP = NO;
				GCC_C_LANGUAGE_STANDARD = gnu99;
				GCC_DYNAMIC_NO_PIC = NO;
				GCC_OPTIMIZATION_LEVEL = 0;
				GCC_PREPROCESSOR_DEFINITIONS = (
					"DEBUG=1",
					"$(inherited)",
				);
				GCC_SYMBOLS_PRIVATE_EXTERN = NO;
				GCC_VERSION = com.apple.compilers.llvm.clang.1_0;
				GCC_WARN_ABOUT_MISSING_PROTOTYPES = YES;
				GCC_WARN_ABOUT_RETURN_TYPE = YES;
				GCC_WARN_UNUSED_VARIABLE = YES;
				HEADER_SEARCH_PATHS = "\"$(BUILT_PRODUCTS_DIR)/../../Headers\"";
				IPHONEOS_DEPLOYMENT_TARGET = 5.0;
				OTHER_LDFLAGS = (
					"-ObjC",
					"-all_load",
				);
				SDKROOT = iphoneos;
			};
			name = Debug;
		};
		BC02374A15A44E1E006E7A35 /* Release */ = {
			isa = XCBuildConfiguration;
			buildSettings = {
				ALWAYS_SEARCH_USER_PATHS = NO;
				ARCHS = "$(ARCHS_STANDARD_32_BIT)";
				"CODE_SIGN_IDENTITY[sdk=iphoneos*]" = "iPhone Developer";
				COPY_PHASE_STRIP = YES;
				GCC_C_LANGUAGE_STANDARD = gnu99;
				GCC_VERSION = com.apple.compilers.llvm.clang.1_0;
				GCC_WARN_ABOUT_MISSING_PROTOTYPES = YES;
				GCC_WARN_ABOUT_RETURN_TYPE = YES;
				GCC_WARN_UNUSED_VARIABLE = YES;
				HEADER_SEARCH_PATHS = "\"$(BUILT_PRODUCTS_DIR)/../../Headers\"";
				IPHONEOS_DEPLOYMENT_TARGET = 5.0;
				OTHER_CFLAGS = "-DNS_BLOCK_ASSERTIONS=1";
				OTHER_LDFLAGS = (
					"-ObjC",
					"-all_load",
				);
				SDKROOT = iphoneos;
				VALIDATE_PRODUCT = YES;
			};
			name = Release;
		};
		BC02374C15A44E1E006E7A35 /* Debug */ = {
			isa = XCBuildConfiguration;
			buildSettings = {
				GCC_PRECOMPILE_PREFIX_HEADER = YES;
				GCC_PREFIX_HEADER = "RestKitExample/RestKitExample-Prefix.pch";
				INFOPLIST_FILE = "RestKitExample/RestKitExample-Info.plist";
				PRODUCT_NAME = "$(TARGET_NAME)";
				WRAPPER_EXTENSION = app;
			};
			name = Debug;
		};
		BC02374D15A44E1E006E7A35 /* Release */ = {
			isa = XCBuildConfiguration;
			buildSettings = {
				GCC_PRECOMPILE_PREFIX_HEADER = YES;
				GCC_PREFIX_HEADER = "RestKitExample/RestKitExample-Prefix.pch";
				INFOPLIST_FILE = "RestKitExample/RestKitExample-Info.plist";
				PRODUCT_NAME = "$(TARGET_NAME)";
				WRAPPER_EXTENSION = app;
			};
			name = Release;
		};
/* End XCBuildConfiguration section */

/* Begin XCConfigurationList section */
		BC02372115A44E1D006E7A35 /* Build configuration list for PBXProject "RestKitExample" */ = {
			isa = XCConfigurationList;
			buildConfigurations = (
				BC02374915A44E1E006E7A35 /* Debug */,
				BC02374A15A44E1E006E7A35 /* Release */,
			);
			defaultConfigurationIsVisible = 0;
			defaultConfigurationName = Release;
		};
		BC02374B15A44E1E006E7A35 /* Build configuration list for PBXNativeTarget "RestKitExample" */ = {
			isa = XCConfigurationList;
			buildConfigurations = (
				BC02374C15A44E1E006E7A35 /* Debug */,
				BC02374D15A44E1E006E7A35 /* Release */,
			);
			defaultConfigurationIsVisible = 0;
		};
/* End XCConfigurationList section */
	};
	rootObject = BC02371E15A44E1D006E7A35 /* Project object */;
}
